
Microsoft Visual Studio Solution File, Format Version 12.00
# Visual Studio Version 16
VisualStudioVersion = 16.0.30114.105
MinimumVisualStudioVersion = 10.0.40219.1
Project("{FAE04EC0-301F-11D3-BF4B-00C04F79EFBC}") = "goTravelDemo", "goTravelDemo\goTravelDemo.csproj", "{6A3FE172-39A3-4869-AA44-77AA29457D77}"
EndProject
Project("{FAE04EC0-301F-11D3-BF4B-00C04F79EFBC}") = "goTravelDemo.Test", "goTravelDemo.Test\goTravelDemo.Test.csproj", "{F32A5FC4-D5A3-47B2-96D1-F9F12D737F95}"
EndProject
Global
	GlobalSection(SolutionConfigurationPlatforms) = preSolution
		Debug|Any CPU = Debug|Any CPU
		Release|Any CPU = Release|Any CPU
	EndGlobalSection
	GlobalSection(ProjectConfigurationPlatforms) = postSolution
		{6A3FE172-39A3-4869-AA44-77AA29457D77}.Debug|Any CPU.ActiveCfg = Debug|Any CPU
		{6A3FE172-39A3-4869-AA44-77AA29457D77}.Debug|Any CPU.Build.0 = Debug|Any CPU
		{6A3FE172-39A3-4869-AA44-77AA29457D77}.Release|Any CPU.ActiveCfg = Release|Any CPU
		{6A3FE172-39A3-4869-AA44-77AA29457D77}.Release|Any CPU.Build.0 = Release|Any CPU
		{F32A5FC4-D5A3-47B2-96D1-F9F12D737F95}.Debug|Any CPU.ActiveCfg = Debug|Any CPU
		{F32A5FC4-D5A3-47B2-96D1-F9F12D737F95}.Debug|Any CPU.Build.0 = Debug|Any CPU
		{F32A5FC4-D5A3-47B2-96D1-F9F12D737F95}.Release|Any CPU.ActiveCfg = Release|Any CPU
		{F32A5FC4-D5A3-47B2-96D1-F9F12D737F95}.Release|Any CPU.Build.0 = Release|Any CPU
	EndGlobalSection
	GlobalSection(SolutionProperties) = preSolution
		HideSolutionNode = FALSE
	EndGlobalSection
	GlobalSection(ExtensibilityGlobals) = postSolution
		SolutionGuid = {A6EF93B5-B5FE-45F3-96AD-AFC63AC6E38D}
	EndGlobalSection
EndGlobal
